{
	"name": "timeTracker",
	"version": "0.0.1",
	"lockfileVersion": 1,
	"requires": true,
	"dependencies": {
		"babel-plugin-module-alias": {
			"version": "1.6.0",
			"resolved": "https://registry.npmjs.org/babel-plugin-module-alias/-/babel-plugin-module-alias-1.6.0.tgz",
			"integrity": "sha1-3346q6NUT0wGqdMxSia7v/bYe2E=",
			"dev": true
		},
		"lodash": {
			"version": "4.17.4",
			"resolved": "https://registry.npmjs.org/lodash/-/lodash-4.17.4.tgz",
			"integrity": "sha1-eCA6TRwyiuHYbcpkYONptX9AVa4="
		}
	}
}
